
Microsoft Visual Studio Solution File, Format Version 12.00
# Visual Studio Version 16
VisualStudioVersion = 16.0.30711.63
MinimumVisualStudioVersion = 10.0.40219.1
Project("{FAE04EC0-301F-11D3-BF4B-00C04F79EFBC}") = "Optimiz_Kurs", "Optimiz_Kurs\Optimiz_Kurs.csproj", "{6B032259-B71F-468D-83C4-FA7625687A97}"
EndProject
Global
	GlobalSection(SolutionConfigurationPlatforms) = preSolution
		Debug|Any CPU = Debug|Any CPU
		Release|Any CPU = Release|Any CPU
	EndGlobalSection
	GlobalSection(ProjectConfigurationPlatforms) = postSolution
		{6B032259-B71F-468D-83C4-FA7625687A97}.Debug|Any CPU.ActiveCfg = Debug|Any CPU
		{6B032259-B71F-468D-83C4-FA7625687A97}.Debug|Any CPU.Build.0 = Debug|Any CPU
		{6B032259-B71F-468D-83C4-FA7625687A97}.Release|Any CPU.ActiveCfg = Release|Any CPU
		{6B032259-B71F-468D-83C4-FA7625687A97}.Release|Any CPU.Build.0 = Release|Any CPU
	EndGlobalSection
	GlobalSection(SolutionProperties) = preSolution
		HideSolutionNode = FALSE
	EndGlobalSection
	GlobalSection(ExtensibilityGlobals) = postSolution
		SolutionGuid = {94D0D352-7BA1-47F5-B9C3-F20642FFCEE0}
	EndGlobalSection
EndGlobal
